// !$*UTF8*$!
{
	archiveVersion = 1;
	classes = {
	};
	objectVersion = 48;
	objects = {

/* Begin PBXBuildFile section */
		48A9CEF71F807F8B00D2008A /* AppDelegate.swift in Sources */ = {isa = PBXBuildFile; fileRef = 48A9CEF61F807F8B00D2008A /* AppDelegate.swift */; };
		48A9CEF91F807F8B00D2008A /* Assets.xcassets in Resources */ = {isa = PBXBuildFile; fileRef = 48A9CEF81F807F8B00D2008A /* Assets.xcassets */; };
		48A9CEFC1F807F8B00D2008A /* MainMenu.xib in Resources */ = {isa = PBXBuildFile; fileRef = 48A9CEFA1F807F8B00D2008A /* MainMenu.xib */; };
/* End PBXBuildFile section */

/* Begin PBXFileReference section */
		48A9CEF31F807F8B00D2008A /* RemoteViewHost.app */ = {isa = PBXFileReference; explicitFileType = wrapper.application; includeInIndex = 0; path = RemoteViewHost.app; sourceTree = BUILT_PRODUCTS_DIR; };
		48A9CEF61F807F8B00D2008A /* AppDelegate.swift */ = {isa = PBXFileReference; lastKnownFileType = sourcecode.swift; path = AppDelegate.swift; sourceTree = "<group>"; };
		48A9CEF81F807F8B00D2008A /* Assets.xcassets */ = {isa = PBXFileReference; lastKnownFileType = folder.assetcatalog; path = Assets.xcassets; sourceTree = "<group>"; };
		48A9CEFB1F807F8B00D2008A /* Base */ = {isa = PBXFileReference; lastKnownFileType = file.xib; name = Base; path = Base.lproj/MainMenu.xib; sourceTree = "<group>"; };
		48A9CEFD1F807F8B00D2008A /* Info.plist */ = {isa = PBXFileReference; lastKnownFileType = text.plist.xml; path = Info.plist; sourceTree = "<group>"; };
		48A9CEFE1F807F8B00D2008A /* RemoteViewHost.entitlements */ = {isa = PBXFileReference; lastKnownFileType = text.plist.entitlements; path = RemoteViewHost.entitlements; sourceTree = "<group>"; };
/* End PBXFileReference section */

/* Begin PBXFrameworksBuildPhase section */
		48A9CEF01F807F8B00D2008A /* Frameworks */ = {
			isa = PBXFrameworksBuildPhase;
			buildActionMask = 2147483647;
			files = (
			);
			runOnlyForDeploymentPostprocessing = 0;
		};
/* End PBXFrameworksBuildPhase section */

/* Begin PBXGroup section */
		48A9CEEA1F807F8B00D2008A = {
			isa = PBXGroup;
			children = (
				48A9CEF51F807F8B00D2008A /* RemoteViewHost */,
				48A9CEF41F807F8B00D2008A /* Products */,
			);
			sourceTree = "<group>";
		};
		48A9CEF41F807F8B00D2008A /* Products */ = {
			isa = PBXGroup;
			children = (
				48A9CEF31F807F8B00D2008A /* RemoteViewHost.app */,
			);
			name = Products;
			sourceTree = "<group>";
		};
		48A9CEF51F807F8B00D2008A /* RemoteViewHost */ = {
			isa = PBXGroup;
			children = (
				48A9CEF61F807F8B00D2008A /* AppDelegate.swift */,
				48A9CEF81F807F8B00D2008A /* Assets.xcassets */,
				48A9CEFA1F807F8B00D2008A /* MainMenu.xib */,
				48A9CEFD1F807F8B00D2008A /* Info.plist */,
				48A9CEFE1F807F8B00D2008A /* RemoteViewHost.entitlements */,
			);
			path = RemoteViewHost;
			sourceTree = "<group>";
		};
/* End PBXGroup section */

/* Begin PBXNativeTarget section */
		48A9CEF21F807F8B00D2008A /* RemoteViewHost */ = {
			isa = PBXNativeTarget;
			buildConfigurationList = 48A9CF011F807F8B00D2008A /* Build configuration list for PBXNativeTarget "RemoteViewHost" */;
			buildPhases = (
				48A9CEEF1F807F8B00D2008A /* Sources */,
				48A9CEF01F807F8B00D2008A /* Frameworks */,
				48A9CEF11F807F8B00D2008A /* Resources */,
			);
			buildRules = (
			);
			dependencies = (
			);
			name = RemoteViewHost;
			productName = RemoteViewHost;
			productReference = 48A9CEF31F807F8B00D2008A /* RemoteViewHost.app */;
			productType = "com.apple.product-type.application";
		};
/* End PBXNativeTarget section */

/* Begin PBXProject section */
		48A9CEEB1F807F8B00D2008A /* Project object */ = {
			isa = PBXProject;
			attributes = {
				LastSwiftUpdateCheck = 0900;
				LastUpgradeCheck = 0900;
				ORGANIZATIONNAME = avaidyam;
				TargetAttributes = {
					48A9CEF21F807F8B00D2008A = {
						CreatedOnToolsVersion = 9.0;
						ProvisioningStyle = Automatic;
					};
				};
			};
			buildConfigurationList = 48A9CEEE1F807F8B00D2008A /* Build configuration list for PBXProject "RemoteViewHost" */;
			compatibilityVersion = "Xcode 8.0";
			developmentRegion = en;
			hasScannedForEncodings = 0;
			knownRegions = (
				en,
				Base,
			);
			mainGroup = 48A9CEEA1F807F8B00D2008A;
			productRefGroup = 48A9CEF41F807F8B00D2008A /* Products */;
			projectDirPath = "";
			projectRoot = "";
			targets = (
				48A9CEF21F807F8B00D2008A /* RemoteViewHost */,
			);
		};
/* End PBXProject section */

/* Begin PBXResourcesBuildPhase section */
		48A9CEF11F807F8B00D2008A /* Resources */ = {
			isa = PBXResourcesBuildPhase;
			buildActionMask = 2147483647;
			files = (
				48A9CEF91F807F8B00D2008A /* Assets.xcassets in Resources */,
				48A9CEFC1F807F8B00D2008A /* MainMenu.xib in Resources */,
			);
			runOnlyForDeploymentPostprocessing = 0;
		};
/* End PBXResourcesBuildPhase section */

/* Begin PBXSourcesBuildPhase section */
		48A9CEEF1F807F8B00D2008A /* Sources */ = {
			isa = PBXSourcesBuildPhase;
			buildActionMask = 2147483647;
			files = (
				48A9CEF71F807F8B00D2008A /* AppDelegate.swift in Sources */,
			);
			runOnlyForDeploymentPostprocessing = 0;
		};
/* End PBXSourcesBuildPhase section */

/* Begin PBXVariantGroup section */
		48A9CEFA1F807F8B00D2008A /* MainMenu.xib */ = {
			isa = PBXVariantGroup;
			children = (
				48A9CEFB1F807F8B00D2008A /* Base */,
			);
			name = MainMenu.xib;
			sourceTree = "<group>";
		};
/* End PBXVariantGroup section */

/* Begin XCBuildConfiguration section */
		48A9CEFF1F807F8B00D2008A /* Debug */ = {
			isa = XCBuildConfiguration;
			buildSettings = {
				ALWAYS_SEARCH_USER_PATHS = NO;
				CLANG_ANALYZER_NONNULL = YES;
				CLANG_ANALYZER_NUMBER_OBJECT_CONVERSION = YES_AGGRESSIVE;
				CLANG_CXX_LANGUAGE_STANDARD = "gnu++14";
				CLANG_CXX_LIBRARY = "libc++";
				CLANG_ENABLE_MODULES = YES;
				CLANG_ENABLE_OBJC_ARC = YES;
				CLANG_WARN_BLOCK_CAPTURE_AUTORELEASING = YES;
				CLANG_WARN_BOOL_CONVERSION = YES;
				CLANG_WARN_COMMA = YES;
				CLANG_WARN_CONSTANT_CONVERSION = YES;
				CLANG_WARN_DIRECT_OBJC_ISA_USAGE = YES_ERROR;
				CLANG_WARN_DOCUMENTATION_COMMENTS = YES;
				CLANG_WARN_EMPTY_BODY = YES;
				CLANG_WARN_ENUM_CONVERSION = YES;
				CLANG_WARN_INFINITE_RECURSION = YES;
				CLANG_WARN_INT_CONVERSION = YES;
				CLANG_WARN_NON_LITERAL_NULL_CONVERSION = YES;
				CLANG_WARN_OBJC_LITERAL_CONVERSION = YES;
				CLANG_WARN_OBJC_ROOT_CLASS = YES_ERROR;
				CLANG_WARN_RANGE_LOOP_ANALYSIS = YES;
				CLANG_WARN_STRICT_PROTOTYPES = YES;
				CLANG_WARN_SUSPICIOUS_MOVE = YES;
				CLANG_WARN_UNGUARDED_AVAILABILITY = YES_AGGRESSIVE;
				CLANG_WARN_UNREACHABLE_CODE = YES;
				CLANG_WARN__DUPLICATE_METHOD_MATCH = YES;
				CODE_SIGN_IDENTITY = "Mac Developer";
				COPY_PHASE_STRIP = NO;
				DEBUG_INFORMATION_FORMAT = dwarf;
				ENABLE_STRICT_OBJC_MSGSEND = YES;
				ENABLE_TESTABILITY = YES;
				GCC_C_LANGUAGE_STANDARD = gnu11;
				GCC_DYNAMIC_NO_PIC = NO;
				GCC_NO_COMMON_BLOCKS = YES;
				GCC_OPTIMIZATION_LEVEL = 0;
				GCC_PREPROCESSOR_DEFINITIONS = (
					"DEBUG=1",
					"$(inherited)",
				);
				GCC_WARN_64_TO_32_BIT_CONVERSION = YES;
				GCC_WARN_ABOUT_RETURN_TYPE = YES_ERROR;
				GCC_WARN_UNDECLARED_SELECTOR = YES;
				GCC_WARN_UNINITIALIZED_AUTOS = YES_AGGRESSIVE;
				GCC_WARN_UNUSED_FUNCTION = YES;
				GCC_WARN_UNUSED_VARIABLE = YES;
				MACOSX_DEPLOYMENT_TARGET = 10.13;
				MTL_ENABLE_DEBUG_INFO = YES;
				ONLY_ACTIVE_ARCH = YES;
				SDKROOT = macosx;
				SWIFT_ACTIVE_COMPILATION_CONDITIONS = DEBUG;
				SWIFT_OPTIMIZATION_LEVEL = "-Onone";
			};
			name = Debug;
		};
		48A9CF001F807F8B00D2008A /* Release */ = {
			isa = XCBuildConfiguration;
			buildSettings = {
				ALWAYS_SEARCH_USER_PATHS = NO;
				CLANG_ANALYZER_NONNULL = YES;
				CLANG_ANALYZER_NUMBER_OBJECT_CONVERSION = YES_AGGRESSIVE;
				CLANG_CXX_LANGUAGE_STANDARD = "gnu++14";
				CLANG_CXX_LIBRARY = "libc++";
				CLANG_ENABLE_MODULES = YES;
				CLANG_ENABLE_OBJC_ARC = YES;
				CLANG_WARN_BLOCK_CAPTURE_AUTORELEASING = YES;
				CLANG_WARN_BOOL_CONVERSION = YES;
				CLANG_WARN_COMMA = YES;
				CLANG_WARN_CONSTANT_CONVERSION = YES;
				CLANG_WARN_DIRECT_OBJC_ISA_USAGE = YES_ERROR;
				CLANG_WARN_DOCUMENTATION_COMMENTS = YES;
				CLANG_WARN_EMPTY_BODY = YES;
				CLANG_WARN_ENUM_CONVERSION = YES;
				CLANG_WARN_INFINITE_RECURSION = YES;
				CLANG_WARN_INT_CONVERSION = YES;
				CLANG_WARN_NON_LITERAL_NULL_CONVERSION = YES;
				CLANG_WARN_OBJC_LITERAL_CONVERSION = YES;
				CLANG_WARN_OBJC_ROOT_CLASS = YES_ERROR;
				CLANG_WARN_RANGE_LOOP_ANALYSIS = YES;
				CLANG_WARN_STRICT_PROTOTYPES = YES;
				CLANG_WARN_SUSPICIOUS_MOVE = YES;
				CLANG_WARN_UNGUARDED_AVAILABILITY = YES_AGGRESSIVE;
				CLANG_WARN_UNREACHABLE_CODE = YES;
				CLANG_WARN__DUPLICATE_METHOD_MATCH = YES;
				CODE_SIGN_IDENTITY = "Mac Developer";
				COPY_PHASE_STRIP = NO;
				DEBUG_INFORMATION_FORMAT = "dwarf-with-dsym";
				ENABLE_NS_ASSERTIONS = NO;
				ENABLE_STRICT_OBJC_MSGSEND = YES;
				GCC_C_LANGUAGE_STANDARD = gnu11;
				GCC_NO_COMMON_BLOCKS = YES;
				GCC_WARN_64_TO_32_BIT_CONVERSION = YES;
				GCC_WARN_ABOUT_RETURN_TYPE = YES_ERROR;
				GCC_WARN_UNDECLARED_SELECTOR = YES;
				GCC_WARN_UNINITIALIZED_AUTOS = YES_AGGRESSIVE;
				GCC_WARN_UNUSED_FUNCTION = YES;
				GCC_WARN_UNUSED_VARIABLE = YES;
				MACOSX_DEPLOYMENT_TARGET = 10.13;
				MTL_ENABLE_DEBUG_INFO = NO;
				SDKROOT = macosx;
				SWIFT_OPTIMIZATION_LEVEL = "-Owholemodule";
			};
			name = Release;
		};
		48A9CF021F807F8B00D2008A /* Debug */ = {
			isa = XCBuildConfiguration;
			buildSettings = {
				ASSETCATALOG_COMPILER_APPICON_NAME = AppIcon;
				CODE_SIGN_ENTITLEMENTS = RemoteViewHost/RemoteViewHost.entitlements;
				CODE_SIGN_STYLE = Automatic;
				COMBINE_HIDPI_IMAGES = YES;
				DEVELOPMENT_TEAM = 2754ZHC8VE;
				INFOPLIST_FILE = RemoteViewHost/Info.plist;
				LD_RUNPATH_SEARCH_PATHS = "$(inherited) @executable_path/../Frameworks";
				PRODUCT_BUNDLE_IDENTIFIER = com.avaidyam.RemoteViewHost;
				PRODUCT_NAME = "$(TARGET_NAME)";
				SWIFT_VERSION = 4.0;
			};
			name = Debug;
		};
		48A9CF031F807F8B00D2008A /* Release */ = {
			isa = XCBuildConfiguration;
			buildSettings = {
				ASSETCATALOG_COMPILER_APPICON_NAME = AppIcon;
				CODE_SIGN_ENTITLEMENTS = RemoteViewHost/RemoteViewHost.entitlements;
				CODE_SIGN_STYLE = Automatic;
				COMBINE_HIDPI_IMAGES = YES;
				DEVELOPMENT_TEAM = 2754ZHC8VE;
				INFOPLIST_FILE = RemoteViewHost/Info.plist;
				LD_RUNPATH_SEARCH_PATHS = "$(inherited) @executable_path/../Frameworks";
				PRODUCT_BUNDLE_IDENTIFIER = com.avaidyam.RemoteViewHost;
				PRODUCT_NAME = "$(TARGET_NAME)";
				SWIFT_VERSION = 4.0;
			};
			name = Release;
		};
/* End XCBuildConfiguration section */

/* Begin XCConfigurationList section */
		48A9CEEE1F807F8B00D2008A /* Build configuration list for PBXProject "RemoteViewHost" */ = {
			isa = XCConfigurationList;
			buildConfigurations = (
				48A9CEFF1F807F8B00D2008A /* Debug */,
				48A9CF001F807F8B00D2008A /* Release */,
			);
			defaultConfigurationIsVisible = 0;
			defaultConfigurationName = Release;
		};
		48A9CF011F807F8B00D2008A /* Build configuration list for PBXNativeTarget "RemoteViewHost" */ = {
			isa = XCConfigurationList;
			buildConfigurations = (
				48A9CF021F807F8B00D2008A /* Debug */,
				48A9CF031F807F8B00D2008A /* Release */,
			);
			defaultConfigurationIsVisible = 0;
			defaultConfigurationName = Release;
		};
/* End XCConfigurationList section */
	};
	rootObject = 48A9CEEB1F807F8B00D2008A /* Project object */;
}
